
Microsoft Visual Studio Solution File, Format Version 12.00
# Visual Studio Version 17
VisualStudioVersion = 17.0.31903.59
MinimumVisualStudioVersion = 10.0.40219.1
Project("{2150E333-8FDC-42A3-9474-1A3956D46DE8}") = "src", "src", "{827E0CD3-B72D-47B6-A68D-7590B98EB39B}"
EndProject
Project("{FAE04EC0-301F-11D3-BF4B-00C04F79EFBC}") = "NBT.Domain", "src\NBT.Domain\NBT.Domain.csproj", "{D8934A96-23F5-4AA0-8476-53ECEB792DE8}"
EndProject
Project("{FAE04EC0-301F-11D3-BF4B-00C04F79EFBC}") = "NBT.Application", "src\NBT.Application\NBT.Application.csproj", "{AB6FEFB0-310E-42EB-863D-4557CDAC316B}"
EndProject
Project("{FAE04EC0-301F-11D3-BF4B-00C04F79EFBC}") = "NBT.Infrastructure", "src\NBT.Infrastructure\NBT.Infrastructure.csproj", "{D6B065E6-E6F0-4EB5-B5DD-DC7AA56F158E}"
EndProject
Project("{FAE04EC0-301F-11D3-BF4B-00C04F79EFBC}") = "NBT.WebAPI", "src\NBT.WebAPI\NBT.WebAPI.csproj", "{4A53B79C-97CA-428A-A41C-5E4226FE1CC2}"
EndProject
Project("{FAE04EC0-301F-11D3-BF4B-00C04F79EFBC}") = "NBT.WebUI", "src\NBT.WebUI\NBT.WebUI.csproj", "{14C8630D-BEA6-4C81-8E3A-920DFAE108FA}"
EndProject
Global
	GlobalSection(SolutionConfigurationPlatforms) = preSolution
		Debug|Any CPU = Debug|Any CPU
		Debug|x64 = Debug|x64
		Debug|x86 = Debug|x86
		Release|Any CPU = Release|Any CPU
		Release|x64 = Release|x64
		Release|x86 = Release|x86
	EndGlobalSection
	GlobalSection(ProjectConfigurationPlatforms) = postSolution
		{D8934A96-23F5-4AA0-8476-53ECEB792DE8}.Debug|Any CPU.ActiveCfg = Debug|Any CPU
		{D8934A96-23F5-4AA0-8476-53ECEB792DE8}.Debug|Any CPU.Build.0 = Debug|Any CPU
		{D8934A96-23F5-4AA0-8476-53ECEB792DE8}.Debug|x64.ActiveCfg = Debug|Any CPU
		{D8934A96-23F5-4AA0-8476-53ECEB792DE8}.Debug|x64.Build.0 = Debug|Any CPU
		{D8934A96-23F5-4AA0-8476-53ECEB792DE8}.Debug|x86.ActiveCfg = Debug|Any CPU
		{D8934A96-23F5-4AA0-8476-53ECEB792DE8}.Debug|x86.Build.0 = Debug|Any CPU
		{D8934A96-23F5-4AA0-8476-53ECEB792DE8}.Release|Any CPU.ActiveCfg = Release|Any CPU
		{D8934A96-23F5-4AA0-8476-53ECEB792DE8}.Release|Any CPU.Build.0 = Release|Any CPU
		{D8934A96-23F5-4AA0-8476-53ECEB792DE8}.Release|x64.ActiveCfg = Release|Any CPU
		{D8934A96-23F5-4AA0-8476-53ECEB792DE8}.Release|x64.Build.0 = Release|Any CPU
		{D8934A96-23F5-4AA0-8476-53ECEB792DE8}.Release|x86.ActiveCfg = Release|Any CPU
		{D8934A96-23F5-4AA0-8476-53ECEB792DE8}.Release|x86.Build.0 = Release|Any CPU
		{AB6FEFB0-310E-42EB-863D-4557CDAC316B}.Debug|Any CPU.ActiveCfg = Debug|Any CPU
		{AB6FEFB0-310E-42EB-863D-4557CDAC316B}.Debug|Any CPU.Build.0 = Debug|Any CPU
		{AB6FEFB0-310E-42EB-863D-4557CDAC316B}.Debug|x64.ActiveCfg = Debug|Any CPU
		{AB6FEFB0-310E-42EB-863D-4557CDAC316B}.Debug|x64.Build.0 = Debug|Any CPU
		{AB6FEFB0-310E-42EB-863D-4557CDAC316B}.Debug|x86.ActiveCfg = Debug|Any CPU
		{AB6FEFB0-310E-42EB-863D-4557CDAC316B}.Debug|x86.Build.0 = Debug|Any CPU
		{AB6FEFB0-310E-42EB-863D-4557CDAC316B}.Release|Any CPU.ActiveCfg = Release|Any CPU
		{AB6FEFB0-310E-42EB-863D-4557CDAC316B}.Release|Any CPU.Build.0 = Release|Any CPU
		{AB6FEFB0-310E-42EB-863D-4557CDAC316B}.Release|x64.ActiveCfg = Release|Any CPU
		{AB6FEFB0-310E-42EB-863D-4557CDAC316B}.Release|x64.Build.0 = Release|Any CPU
		{AB6FEFB0-310E-42EB-863D-4557CDAC316B}.Release|x86.ActiveCfg = Release|Any CPU
		{AB6FEFB0-310E-42EB-863D-4557CDAC316B}.Release|x86.Build.0 = Release|Any CPU
		{D6B065E6-E6F0-4EB5-B5DD-DC7AA56F158E}.Debug|Any CPU.ActiveCfg = Debug|Any CPU
		{D6B065E6-E6F0-4EB5-B5DD-DC7AA56F158E}.Debug|Any CPU.Build.0 = Debug|Any CPU
		{D6B065E6-E6F0-4EB5-B5DD-DC7AA56F158E}.Debug|x64.ActiveCfg = Debug|Any CPU
		{D6B065E6-E6F0-4EB5-B5DD-DC7AA56F158E}.Debug|x64.Build.0 = Debug|Any CPU
		{D6B065E6-E6F0-4EB5-B5DD-DC7AA56F158E}.Debug|x86.ActiveCfg = Debug|Any CPU
		{D6B065E6-E6F0-4EB5-B5DD-DC7AA56F158E}.Debug|x86.Build.0 = Debug|Any CPU
		{D6B065E6-E6F0-4EB5-B5DD-DC7AA56F158E}.Release|Any CPU.ActiveCfg = Release|Any CPU
		{D6B065E6-E6F0-4EB5-B5DD-DC7AA56F158E}.Release|Any CPU.Build.0 = Release|Any CPU
		{D6B065E6-E6F0-4EB5-B5DD-DC7AA56F158E}.Release|x64.ActiveCfg = Release|Any CPU
		{D6B065E6-E6F0-4EB5-B5DD-DC7AA56F158E}.Release|x64.Build.0 = Release|Any CPU
		{D6B065E6-E6F0-4EB5-B5DD-DC7AA56F158E}.Release|x86.ActiveCfg = Release|Any CPU
		{D6B065E6-E6F0-4EB5-B5DD-DC7AA56F158E}.Release|x86.Build.0 = Release|Any CPU
		{4A53B79C-97CA-428A-A41C-5E4226FE1CC2}.Debug|Any CPU.ActiveCfg = Debug|Any CPU
		{4A53B79C-97CA-428A-A41C-5E4226FE1CC2}.Debug|Any CPU.Build.0 = Debug|Any CPU
		{4A53B79C-97CA-428A-A41C-5E4226FE1CC2}.Debug|x64.ActiveCfg = Debug|Any CPU
		{4A53B79C-97CA-428A-A41C-5E4226FE1CC2}.Debug|x64.Build.0 = Debug|Any CPU
		{4A53B79C-97CA-428A-A41C-5E4226FE1CC2}.Debug|x86.ActiveCfg = Debug|Any CPU
		{4A53B79C-97CA-428A-A41C-5E4226FE1CC2}.Debug|x86.Build.0 = Debug|Any CPU
		{4A53B79C-97CA-428A-A41C-5E4226FE1CC2}.Release|Any CPU.ActiveCfg = Release|Any CPU
		{4A53B79C-97CA-428A-A41C-5E4226FE1CC2}.Release|Any CPU.Build.0 = Release|Any CPU
		{4A53B79C-97CA-428A-A41C-5E4226FE1CC2}.Release|x64.ActiveCfg = Release|Any CPU
		{4A53B79C-97CA-428A-A41C-5E4226FE1CC2}.Release|x64.Build.0 = Release|Any CPU
		{4A53B79C-97CA-428A-A41C-5E4226FE1CC2}.Release|x86.ActiveCfg = Release|Any CPU
		{4A53B79C-97CA-428A-A41C-5E4226FE1CC2}.Release|x86.Build.0 = Release|Any CPU
		{14C8630D-BEA6-4C81-8E3A-920DFAE108FA}.Debug|Any CPU.ActiveCfg = Debug|Any CPU
		{14C8630D-BEA6-4C81-8E3A-920DFAE108FA}.Debug|Any CPU.Build.0 = Debug|Any CPU
		{14C8630D-BEA6-4C81-8E3A-920DFAE108FA}.Debug|x64.ActiveCfg = Debug|Any CPU
		{14C8630D-BEA6-4C81-8E3A-920DFAE108FA}.Debug|x64.Build.0 = Debug|Any CPU
		{14C8630D-BEA6-4C81-8E3A-920DFAE108FA}.Debug|x86.ActiveCfg = Debug|Any CPU
		{14C8630D-BEA6-4C81-8E3A-920DFAE108FA}.Debug|x86.Build.0 = Debug|Any CPU
		{14C8630D-BEA6-4C81-8E3A-920DFAE108FA}.Release|Any CPU.ActiveCfg = Release|Any CPU
		{14C8630D-BEA6-4C81-8E3A-920DFAE108FA}.Release|Any CPU.Build.0 = Release|Any CPU
		{14C8630D-BEA6-4C81-8E3A-920DFAE108FA}.Release|x64.ActiveCfg = Release|Any CPU
		{14C8630D-BEA6-4C81-8E3A-920DFAE108FA}.Release|x64.Build.0 = Release|Any CPU
		{14C8630D-BEA6-4C81-8E3A-920DFAE108FA}.Release|x86.ActiveCfg = Release|Any CPU
		{14C8630D-BEA6-4C81-8E3A-920DFAE108FA}.Release|x86.Build.0 = Release|Any CPU
	EndGlobalSection
	GlobalSection(SolutionProperties) = preSolution
		HideSolutionNode = FALSE
	EndGlobalSection
	GlobalSection(NestedProjects) = preSolution
		{D8934A96-23F5-4AA0-8476-53ECEB792DE8} = {827E0CD3-B72D-47B6-A68D-7590B98EB39B}
		{AB6FEFB0-310E-42EB-863D-4557CDAC316B} = {827E0CD3-B72D-47B6-A68D-7590B98EB39B}
		{D6B065E6-E6F0-4EB5-B5DD-DC7AA56F158E} = {827E0CD3-B72D-47B6-A68D-7590B98EB39B}
		{4A53B79C-97CA-428A-A41C-5E4226FE1CC2} = {827E0CD3-B72D-47B6-A68D-7590B98EB39B}
		{14C8630D-BEA6-4C81-8E3A-920DFAE108FA} = {827E0CD3-B72D-47B6-A68D-7590B98EB39B}
	EndGlobalSection
EndGlobal
